// !$*UTF8*$!
{
	archiveVersion = 1;
	classes = {
	};
	objectVersion = 56;
	objects = {

/* Begin PBXBuildFile section */
		091268AB2989539300E98A9E /* IMG_1755.jpg in Resources */ = {isa = PBXBuildFile; fileRef = 091268AA2989539300E98A9E /* IMG_1755.jpg */; };
		0915BAAC298D6E79002FA9F5 /* deliveryDelegate.swift in Sources */ = {isa = PBXBuildFile; fileRef = 0915BAAB298D6E79002FA9F5 /* deliveryDelegate.swift */; };
		0915BAAE298D756C002FA9F5 /* DeliveryPage.swift in Sources */ = {isa = PBXBuildFile; fileRef = 0915BAAD298D756C002FA9F5 /* DeliveryPage.swift */; };
		09403F87298D51E1002430BC /* seg.swift in Sources */ = {isa = PBXBuildFile; fileRef = 09403F86298D51E1002430BC /* seg.swift */; };
		09566F8D298B8A4F00DF6683 /* OrderPage.swift in Sources */ = {isa = PBXBuildFile; fileRef = 09566F8C298B8A4F00DF6683 /* OrderPage.swift */; };
		0970AB102988D71D00513CE3 /* AppDelegate.swift in Sources */ = {isa = PBXBuildFile; fileRef = 0970AB0F2988D71D00513CE3 /* AppDelegate.swift */; };
		0970AB122988D71D00513CE3 /* SceneDelegate.swift in Sources */ = {isa = PBXBuildFile; fileRef = 0970AB112988D71D00513CE3 /* SceneDelegate.swift */; };
		0970AB142988D71D00513CE3 /* ViewController.swift in Sources */ = {isa = PBXBuildFile; fileRef = 0970AB132988D71D00513CE3 /* ViewController.swift */; };
		0970AB172988D71D00513CE3 /* Main.storyboard in Resources */ = {isa = PBXBuildFile; fileRef = 0970AB152988D71D00513CE3 /* Main.storyboard */; };
		0970AB192988D71E00513CE3 /* Assets.xcassets in Resources */ = {isa = PBXBuildFile; fileRef = 0970AB182988D71E00513CE3 /* Assets.xcassets */; };
		0970AB1C2988D71E00513CE3 /* LaunchScreen.storyboard in Resources */ = {isa = PBXBuildFile; fileRef = 0970AB1A2988D71E00513CE3 /* LaunchScreen.storyboard */; };
		0970AB2D2988D87100513CE3 /* pngegg-3.png in Resources */ = {isa = PBXBuildFile; fileRef = 0970AB2C2988D87100513CE3 /* pngegg-3.png */; };
		0970AB2F2988D8B000513CE3 /* Homepage.swift in Sources */ = {isa = PBXBuildFile; fileRef = 0970AB2E2988D8B000513CE3 /* Homepage.swift */; };
		09A249BF298D13820033FB27 /* MyBtn.swift in Sources */ = {isa = PBXBuildFile; fileRef = 09A249BE298D13820033FB27 /* MyBtn.swift */; };
		09AC65EA298C09C000087943 /* IMG_1780.jpg in Resources */ = {isa = PBXBuildFile; fileRef = 09AC65E6298C09C000087943 /* IMG_1780.jpg */; };
		09AC65EB298C09C000087943 /* IMG_1778.jpg in Resources */ = {isa = PBXBuildFile; fileRef = 09AC65E7298C09C000087943 /* IMG_1778.jpg */; };
		09AC65EC298C09C000087943 /* IMG_1779.jpg in Resources */ = {isa = PBXBuildFile; fileRef = 09AC65E8298C09C000087943 /* IMG_1779.jpg */; };
		09AC65ED298C09C000087943 /* IMG_1781.jpg in Resources */ = {isa = PBXBuildFile; fileRef = 09AC65E9298C09C000087943 /* IMG_1781.jpg */; };
		09AC65F1298C0E0E00087943 /* IMG_1783.jpg in Resources */ = {isa = PBXBuildFile; fileRef = 09AC65EE298C0E0E00087943 /* IMG_1783.jpg */; };
		09AC65F2298C0E0E00087943 /* IMG_1784.jpg in Resources */ = {isa = PBXBuildFile; fileRef = 09AC65EF298C0E0E00087943 /* IMG_1784.jpg */; };
		09AC65F3298C0E0E00087943 /* IMG_1785.jpg in Resources */ = {isa = PBXBuildFile; fileRef = 09AC65F0298C0E0E00087943 /* IMG_1785.jpg */; };
		09DAB3B8298D97E500476CEE /* Launch.swift in Sources */ = {isa = PBXBuildFile; fileRef = 09DAB3B7298D97E500476CEE /* Launch.swift */; };
		09F296F52988E26F00A60337 /* home_img1.jpg in Resources */ = {isa = PBXBuildFile; fileRef = 09F296F42988E26F00A60337 /* home_img1.jpg */; };
		09F296F72988E78400A60337 /* IMG_1754 2.jpg in Resources */ = {isa = PBXBuildFile; fileRef = 09F296F62988E78400A60337 /* IMG_1754 2.jpg */; };
		09F5AA10298BE79D00797C73 /* IMG_1776 3.jpg in Resources */ = {isa = PBXBuildFile; fileRef = 09F5AA03298BE79D00797C73 /* IMG_1776 3.jpg */; };
		09F5AA11298BE79D00797C73 /* IMG_1775 4.jpg in Resources */ = {isa = PBXBuildFile; fileRef = 09F5AA04298BE79D00797C73 /* IMG_1775 4.jpg */; };
		09F5AA12298BE79D00797C73 /* IMG_1775 5.jpg in Resources */ = {isa = PBXBuildFile; fileRef = 09F5AA05298BE79D00797C73 /* IMG_1775 5.jpg */; };
		09F5AA13298BE79D00797C73 /* IMG_1775 6.jpg in Resources */ = {isa = PBXBuildFile; fileRef = 09F5AA06298BE79D00797C73 /* IMG_1775 6.jpg */; };
		09F5AA14298BE79D00797C73 /* IMG_1775 2.jpg in Resources */ = {isa = PBXBuildFile; fileRef = 09F5AA07298BE79D00797C73 /* IMG_1775 2.jpg */; };
		09F5AA15298BE79D00797C73 /* IMG_1776.jpg in Resources */ = {isa = PBXBuildFile; fileRef = 09F5AA08298BE79D00797C73 /* IMG_1776.jpg */; };
		09F5AA16298BE79D00797C73 /* IMG_1777.jpg in Resources */ = {isa = PBXBuildFile; fileRef = 09F5AA09298BE79D00797C73 /* IMG_1777.jpg */; };
		09F5AA17298BE79D00797C73 /* IMG_1775.jpg in Resources */ = {isa = PBXBuildFile; fileRef = 09F5AA0A298BE79D00797C73 /* IMG_1775.jpg */; };
		09F5AA18298BE79D00797C73 /* IMG_1775 3.jpg in Resources */ = {isa = PBXBuildFile; fileRef = 09F5AA0B298BE79D00797C73 /* IMG_1775 3.jpg */; };
		09F5AA19298BE79D00797C73 /* IMG_1776 2.jpg in Resources */ = {isa = PBXBuildFile; fileRef = 09F5AA0C298BE79D00797C73 /* IMG_1776 2.jpg */; };
		09F5AA1A298BE79D00797C73 /* IMG_1776 4.jpg in Resources */ = {isa = PBXBuildFile; fileRef = 09F5AA0D298BE79D00797C73 /* IMG_1776 4.jpg */; };
		09F5AA1B298BE79D00797C73 /* IMG_1777 2.jpg in Resources */ = {isa = PBXBuildFile; fileRef = 09F5AA0E298BE79D00797C73 /* IMG_1777 2.jpg */; };
		09F5AA1C298BE79D00797C73 /* IMG_1777 3.jpg in Resources */ = {isa = PBXBuildFile; fileRef = 09F5AA0F298BE79D00797C73 /* IMG_1777 3.jpg */; };
		09F5AA1E298BEBFF00797C73 /* Scrollview.swift in Sources */ = {isa = PBXBuildFile; fileRef = 09F5AA1D298BEBFF00797C73 /* Scrollview.swift */; };
		09F5AA20298BF58400797C73 /* TabBar.swift in Sources */ = {isa = PBXBuildFile; fileRef = 09F5AA1F298BF58400797C73 /* TabBar.swift */; };
		09F5AA22298C001B00797C73 /* IMG_1782.jpg in Resources */ = {isa = PBXBuildFile; fileRef = 09F5AA21298C001B00797C73 /* IMG_1782.jpg */; };
/* End PBXBuildFile section */

/* Begin PBXFileReference section */
		091268AA2989539300E98A9E /* IMG_1755.jpg */ = {isa = PBXFileReference; lastKnownFileType = image.jpeg; name = IMG_1755.jpg; path = ../../../../Downloads/IMG_1755.jpg; sourceTree = "<group>"; };
		0915BAAB298D6E79002FA9F5 /* deliveryDelegate.swift */ = {isa = PBXFileReference; lastKnownFileType = sourcecode.swift; path = deliveryDelegate.swift; sourceTree = "<group>"; };
		0915BAAD298D756C002FA9F5 /* DeliveryPage.swift */ = {isa = PBXFileReference; lastKnownFileType = sourcecode.swift; path = DeliveryPage.swift; sourceTree = "<group>"; };
		09403F86298D51E1002430BC /* seg.swift */ = {isa = PBXFileReference; lastKnownFileType = sourcecode.swift; path = seg.swift; sourceTree = "<group>"; };
		09566F8C298B8A4F00DF6683 /* OrderPage.swift */ = {isa = PBXFileReference; lastKnownFileType = sourcecode.swift; path = OrderPage.swift; sourceTree = "<group>"; };
		0970AB0C2988D71D00513CE3 /* CloneStarbucks.app */ = {isa = PBXFileReference; explicitFileType = wrapper.application; includeInIndex = 0; path = CloneStarbucks.app; sourceTree = BUILT_PRODUCTS_DIR; };
		0970AB0F2988D71D00513CE3 /* AppDelegate.swift */ = {isa = PBXFileReference; lastKnownFileType = sourcecode.swift; path = AppDelegate.swift; sourceTree = "<group>"; };
		0970AB112988D71D00513CE3 /* SceneDelegate.swift */ = {isa = PBXFileReference; lastKnownFileType = sourcecode.swift; path = SceneDelegate.swift; sourceTree = "<group>"; };
		0970AB132988D71D00513CE3 /* ViewController.swift */ = {isa = PBXFileReference; lastKnownFileType = sourcecode.swift; path = ViewController.swift; sourceTree = "<group>"; };
		0970AB162988D71D00513CE3 /* Base */ = {isa = PBXFileReference; lastKnownFileType = file.storyboard; name = Base; path = Base.lproj/Main.storyboard; sourceTree = "<group>"; };
		0970AB182988D71E00513CE3 /* Assets.xcassets */ = {isa = PBXFileReference; lastKnownFileType = folder.assetcatalog; path = Assets.xcassets; sourceTree = "<group>"; };
		0970AB1B2988D71E00513CE3 /* Base */ = {isa = PBXFileReference; lastKnownFileType = file.storyboard; name = Base; path = Base.lproj/LaunchScreen.storyboard; sourceTree = "<group>"; };
		0970AB1D2988D71E00513CE3 /* Info.plist */ = {isa = PBXFileReference; lastKnownFileType = text.plist.xml; path = Info.plist; sourceTree = "<group>"; };
		0970AB2C2988D87100513CE3 /* pngegg-3.png */ = {isa = PBXFileReference; lastKnownFileType = image.png; name = "pngegg-3.png"; path = "../../../../Downloads/pngegg-3.png"; sourceTree = "<group>"; };
		0970AB2E2988D8B000513CE3 /* Homepage.swift */ = {isa = PBXFileReference; lastKnownFileType = sourcecode.swift; path = Homepage.swift; sourceTree = "<group>"; };
		09A249BE298D13820033FB27 /* MyBtn.swift */ = {isa = PBXFileReference; lastKnownFileType = sourcecode.swift; path = MyBtn.swift; sourceTree = "<group>"; };
		09AC65E6298C09C000087943 /* IMG_1780.jpg */ = {isa = PBXFileReference; lastKnownFileType = image.jpeg; name = IMG_1780.jpg; path = ../../../../Downloads/IMG_1780.jpg; sourceTree = "<group>"; };
		09AC65E7298C09C000087943 /* IMG_1778.jpg */ = {isa = PBXFileReference; lastKnownFileType = image.jpeg; name = IMG_1778.jpg; path = ../../../../Downloads/IMG_1778.jpg; sourceTree = "<group>"; };
		09AC65E8298C09C000087943 /* IMG_1779.jpg */ = {isa = PBXFileReference; lastKnownFileType = image.jpeg; name = IMG_1779.jpg; path = ../../../../Downloads/IMG_1779.jpg; sourceTree = "<group>"; };
		09AC65E9298C09C000087943 /* IMG_1781.jpg */ = {isa = PBXFileReference; lastKnownFileType = image.jpeg; name = IMG_1781.jpg; path = ../../../../Downloads/IMG_1781.jpg; sourceTree = "<group>"; };
		09AC65EE298C0E0E00087943 /* IMG_1783.jpg */ = {isa = PBXFileReference; lastKnownFileType = image.jpeg; name = IMG_1783.jpg; path = ../../../../Downloads/IMG_1783.jpg; sourceTree = "<group>"; };
		09AC65EF298C0E0E00087943 /* IMG_1784.jpg */ = {isa = PBXFileReference; lastKnownFileType = image.jpeg; name = IMG_1784.jpg; path = ../../../../Downloads/IMG_1784.jpg; sourceTree = "<group>"; };
		09AC65F0298C0E0E00087943 /* IMG_1785.jpg */ = {isa = PBXFileReference; lastKnownFileType = image.jpeg; name = IMG_1785.jpg; path = ../../../../Downloads/IMG_1785.jpg; sourceTree = "<group>"; };
		09DAB3B7298D97E500476CEE /* Launch.swift */ = {isa = PBXFileReference; lastKnownFileType = sourcecode.swift; path = Launch.swift; sourceTree = "<group>"; };
		09F296F42988E26F00A60337 /* home_img1.jpg */ = {isa = PBXFileReference; lastKnownFileType = image.jpeg; name = home_img1.jpg; path = ../../../../Downloads/home_img1.jpg; sourceTree = "<group>"; };
		09F296F62988E78400A60337 /* IMG_1754 2.jpg */ = {isa = PBXFileReference; lastKnownFileType = image.jpeg; name = "IMG_1754 2.jpg"; path = "../../../../Downloads/IMG_1754 2.jpg"; sourceTree = "<group>"; };
		09F5AA03298BE79D00797C73 /* IMG_1776 3.jpg */ = {isa = PBXFileReference; lastKnownFileType = image.jpeg; name = "IMG_1776 3.jpg"; path = "../../../../Downloads/IMG_1776 3.jpg"; sourceTree = "<group>"; };
		09F5AA04298BE79D00797C73 /* IMG_1775 4.jpg */ = {isa = PBXFileReference; lastKnownFileType = image.jpeg; name = "IMG_1775 4.jpg"; path = "../../../../Downloads/IMG_1775 4.jpg"; sourceTree = "<group>"; };
		09F5AA05298BE79D00797C73 /* IMG_1775 5.jpg */ = {isa = PBXFileReference; lastKnownFileType = image.jpeg; name = "IMG_1775 5.jpg"; path = "../../../../Downloads/IMG_1775 5.jpg"; sourceTree = "<group>"; };
		09F5AA06298BE79D00797C73 /* IMG_1775 6.jpg */ = {isa = PBXFileReference; lastKnownFileType = image.jpeg; name = "IMG_1775 6.jpg"; path = "../../../../Downloads/IMG_1775 6.jpg"; sourceTree = "<group>"; };
		09F5AA07298BE79D00797C73 /* IMG_1775 2.jpg */ = {isa = PBXFileReference; lastKnownFileType = image.jpeg; name = "IMG_1775 2.jpg"; path = "../../../../Downloads/IMG_1775 2.jpg"; sourceTree = "<group>"; };
		09F5AA08298BE79D00797C73 /* IMG_1776.jpg */ = {isa = PBXFileReference; lastKnownFileType = image.jpeg; name = IMG_1776.jpg; path = ../../../../Downloads/IMG_1776.jpg; sourceTree = "<group>"; };
		09F5AA09298BE79D00797C73 /* IMG_1777.jpg */ = {isa = PBXFileReference; lastKnownFileType = image.jpeg; name = IMG_1777.jpg; path = ../../../../Downloads/IMG_1777.jpg; sourceTree = "<group>"; };
		09F5AA0A298BE79D00797C73 /* IMG_1775.jpg */ = {isa = PBXFileReference; lastKnownFileType = image.jpeg; name = IMG_1775.jpg; path = ../../../../Downloads/IMG_1775.jpg; sourceTree = "<group>"; };
		09F5AA0B298BE79D00797C73 /* IMG_1775 3.jpg */ = {isa = PBXFileReference; lastKnownFileType = image.jpeg; name = "IMG_1775 3.jpg"; path = "../../../../Downloads/IMG_1775 3.jpg"; sourceTree = "<group>"; };
		09F5AA0C298BE79D00797C73 /* IMG_1776 2.jpg */ = {isa = PBXFileReference; lastKnownFileType = image.jpeg; name = "IMG_1776 2.jpg"; path = "../../../../Downloads/IMG_1776 2.jpg"; sourceTree = "<group>"; };
		09F5AA0D298BE79D00797C73 /* IMG_1776 4.jpg */ = {isa = PBXFileReference; lastKnownFileType = image.jpeg; name = "IMG_1776 4.jpg"; path = "../../../../Downloads/IMG_1776 4.jpg"; sourceTree = "<group>"; };
		09F5AA0E298BE79D00797C73 /* IMG_1777 2.jpg */ = {isa = PBXFileReference; lastKnownFileType = image.jpeg; name = "IMG_1777 2.jpg"; path = "../../../../Downloads/IMG_1777 2.jpg"; sourceTree = "<group>"; };
		09F5AA0F298BE79D00797C73 /* IMG_1777 3.jpg */ = {isa = PBXFileReference; lastKnownFileType = image.jpeg; name = "IMG_1777 3.jpg"; path = "../../../../Downloads/IMG_1777 3.jpg"; sourceTree = "<group>"; };
		09F5AA1D298BEBFF00797C73 /* Scrollview.swift */ = {isa = PBXFileReference; lastKnownFileType = sourcecode.swift; path = Scrollview.swift; sourceTree = "<group>"; };
		09F5AA1F298BF58400797C73 /* TabBar.swift */ = {isa = PBXFileReference; lastKnownFileType = sourcecode.swift; path = TabBar.swift; sourceTree = "<group>"; };
		09F5AA21298C001B00797C73 /* IMG_1782.jpg */ = {isa = PBXFileReference; lastKnownFileType = image.jpeg; name = IMG_1782.jpg; path = ../../../../Downloads/IMG_1782.jpg; sourceTree = "<group>"; };
/* End PBXFileReference section */

/* Begin PBXFrameworksBuildPhase section */
		0970AB092988D71D00513CE3 /* Frameworks */ = {
			isa = PBXFrameworksBuildPhase;
			buildActionMask = 2147483647;
			files = (
			);
			runOnlyForDeploymentPostprocessing = 0;
		};
/* End PBXFrameworksBuildPhase section */

/* Begin PBXGroup section */
		0970AB032988D71C00513CE3 = {
			isa = PBXGroup;
			children = (
				0970AB0E2988D71D00513CE3 /* CloneStarbucks */,
				0970AB0D2988D71D00513CE3 /* Products */,
			);
			sourceTree = "<group>";
		};
		0970AB0D2988D71D00513CE3 /* Products */ = {
			isa = PBXGroup;
			children = (
				0970AB0C2988D71D00513CE3 /* CloneStarbucks.app */,
			);
			name = Products;
			sourceTree = "<group>";
		};
		0970AB0E2988D71D00513CE3 /* CloneStarbucks */ = {
			isa = PBXGroup;
			children = (
				0970AB0F2988D71D00513CE3 /* AppDelegate.swift */,
				0970AB112988D71D00513CE3 /* SceneDelegate.swift */,
				0970AB132988D71D00513CE3 /* ViewController.swift */,
				0970AB152988D71D00513CE3 /* Main.storyboard */,
				0970AB182988D71E00513CE3 /* Assets.xcassets */,
				0970AB1A2988D71E00513CE3 /* LaunchScreen.storyboard */,
				09DAB3B7298D97E500476CEE /* Launch.swift */,
				0970AB1D2988D71E00513CE3 /* Info.plist */,
				09A249BD298D13510033FB27 /* Controller */,
				0970AB292988D85200513CE3 /* IMG */,
				0970AB282988D84500513CE3 /* Page */,
			);
			path = CloneStarbucks;
			sourceTree = "<group>";
		};
		0970AB282988D84500513CE3 /* Page */ = {
			isa = PBXGroup;
			children = (
				0915BAAD298D756C002FA9F5 /* DeliveryPage.swift */,
				09566F8C298B8A4F00DF6683 /* OrderPage.swift */,
				0970AB2E2988D8B000513CE3 /* Homepage.swift */,
			);
			path = Page;
			sourceTree = "<group>";
		};
		0970AB292988D85200513CE3 /* IMG */ = {
			isa = PBXGroup;
			children = (
				09F5AA07298BE79D00797C73 /* IMG_1775 2.jpg */,
				09F5AA0B298BE79D00797C73 /* IMG_1775 3.jpg */,
				09F5AA04298BE79D00797C73 /* IMG_1775 4.jpg */,
				09F5AA05298BE79D00797C73 /* IMG_1775 5.jpg */,
				09F5AA06298BE79D00797C73 /* IMG_1775 6.jpg */,
				09F5AA0A298BE79D00797C73 /* IMG_1775.jpg */,
				09F5AA0C298BE79D00797C73 /* IMG_1776 2.jpg */,
				09F5AA03298BE79D00797C73 /* IMG_1776 3.jpg */,
				09F5AA0D298BE79D00797C73 /* IMG_1776 4.jpg */,
				09F5AA08298BE79D00797C73 /* IMG_1776.jpg */,
				09F5AA0E298BE79D00797C73 /* IMG_1777 2.jpg */,
				09F5AA0F298BE79D00797C73 /* IMG_1777 3.jpg */,
				09F5AA09298BE79D00797C73 /* IMG_1777.jpg */,
				09F296F62988E78400A60337 /* IMG_1754 2.jpg */,
				09AC65E7298C09C000087943 /* IMG_1778.jpg */,
				09AC65E8298C09C000087943 /* IMG_1779.jpg */,
				09AC65E6298C09C000087943 /* IMG_1780.jpg */,
				09AC65E9298C09C000087943 /* IMG_1781.jpg */,
				09F5AA21298C001B00797C73 /* IMG_1782.jpg */,
				091268AA2989539300E98A9E /* IMG_1755.jpg */,
				09F296F42988E26F00A60337 /* home_img1.jpg */,
				09AC65EE298C0E0E00087943 /* IMG_1783.jpg */,
				09AC65EF298C0E0E00087943 /* IMG_1784.jpg */,
				09AC65F0298C0E0E00087943 /* IMG_1785.jpg */,
				0970AB2C2988D87100513CE3 /* pngegg-3.png */,
			);
			name = IMG;
			sourceTree = "<group>";
		};
		09A249BD298D13510033FB27 /* Controller */ = {
			isa = PBXGroup;
			children = (
				09403F86298D51E1002430BC /* seg.swift */,
				09F5AA1F298BF58400797C73 /* TabBar.swift */,
				09F5AA1D298BEBFF00797C73 /* Scrollview.swift */,
				09A249BE298D13820033FB27 /* MyBtn.swift */,
				0915BAAB298D6E79002FA9F5 /* deliveryDelegate.swift */,
			);
			path = Controller;
			sourceTree = "<group>";
		};
/* End PBXGroup section */

/* Begin PBXNativeTarget section */
		0970AB0B2988D71D00513CE3 /* CloneStarbucks */ = {
			isa = PBXNativeTarget;
			buildConfigurationList = 0970AB202988D71E00513CE3 /* Build configuration list for PBXNativeTarget "CloneStarbucks" */;
			buildPhases = (
				0970AB082988D71D00513CE3 /* Sources */,
				0970AB092988D71D00513CE3 /* Frameworks */,
				0970AB0A2988D71D00513CE3 /* Resources */,
			);
			buildRules = (
			);
			dependencies = (
			);
			name = CloneStarbucks;
			productName = CloneStarbucks;
			productReference = 0970AB0C2988D71D00513CE3 /* CloneStarbucks.app */;
			productType = "com.apple.product-type.application";
		};
/* End PBXNativeTarget section */

/* Begin PBXProject section */
		0970AB042988D71C00513CE3 /* Project object */ = {
			isa = PBXProject;
			attributes = {
				BuildIndependentTargetsInParallel = 1;
				LastSwiftUpdateCheck = 1420;
				LastUpgradeCheck = 1420;
				TargetAttributes = {
					0970AB0B2988D71D00513CE3 = {
						CreatedOnToolsVersion = 14.2;
					};
				};
			};
			buildConfigurationList = 0970AB072988D71C00513CE3 /* Build configuration list for PBXProject "CloneStarbucks" */;
			compatibilityVersion = "Xcode 14.0";
			developmentRegion = en;
			hasScannedForEncodings = 0;
			knownRegions = (
				en,
				Base,
			);
			mainGroup = 0970AB032988D71C00513CE3;
			productRefGroup = 0970AB0D2988D71D00513CE3 /* Products */;
			projectDirPath = "";
			projectRoot = "";
			targets = (
				0970AB0B2988D71D00513CE3 /* CloneStarbucks */,
			);
		};
/* End PBXProject section */

/* Begin PBXResourcesBuildPhase section */
		0970AB0A2988D71D00513CE3 /* Resources */ = {
			isa = PBXResourcesBuildPhase;
			buildActionMask = 2147483647;
			files = (
				09F5AA18298BE79D00797C73 /* IMG_1775 3.jpg in Resources */,
				09F296F52988E26F00A60337 /* home_img1.jpg in Resources */,
				09AC65F1298C0E0E00087943 /* IMG_1783.jpg in Resources */,
				09F5AA1C298BE79D00797C73 /* IMG_1777 3.jpg in Resources */,
				09F5AA19298BE79D00797C73 /* IMG_1776 2.jpg in Resources */,
				09F5AA22298C001B00797C73 /* IMG_1782.jpg in Resources */,
				09AC65EA298C09C000087943 /* IMG_1780.jpg in Resources */,
				09AC65ED298C09C000087943 /* IMG_1781.jpg in Resources */,
				09F5AA17298BE79D00797C73 /* IMG_1775.jpg in Resources */,
				09AC65EC298C09C000087943 /* IMG_1779.jpg in Resources */,
				09F5AA11298BE79D00797C73 /* IMG_1775 4.jpg in Resources */,
				09F5AA12298BE79D00797C73 /* IMG_1775 5.jpg in Resources */,
				09F5AA14298BE79D00797C73 /* IMG_1775 2.jpg in Resources */,
				09AC65F2298C0E0E00087943 /* IMG_1784.jpg in Resources */,
				09F5AA13298BE79D00797C73 /* IMG_1775 6.jpg in Resources */,
				09F5AA10298BE79D00797C73 /* IMG_1776 3.jpg in Resources */,
				0970AB1C2988D71E00513CE3 /* LaunchScreen.storyboard in Resources */,
				09F5AA1B298BE79D00797C73 /* IMG_1777 2.jpg in Resources */,
				09AC65EB298C09C000087943 /* IMG_1778.jpg in Resources */,
				09F5AA1A298BE79D00797C73 /* IMG_1776 4.jpg in Resources */,
				09AC65F3298C0E0E00087943 /* IMG_1785.jpg in Resources */,
				09F296F72988E78400A60337 /* IMG_1754 2.jpg in Resources */,
				09F5AA15298BE79D00797C73 /* IMG_1776.jpg in Resources */,
				091268AB2989539300E98A9E /* IMG_1755.jpg in Resources */,
				0970AB192988D71E00513CE3 /* Assets.xcassets in Resources */,
				09F5AA16298BE79D00797C73 /* IMG_1777.jpg in Resources */,
				0970AB172988D71D00513CE3 /* Main.storyboard in Resources */,
				0970AB2D2988D87100513CE3 /* pngegg-3.png in Resources */,
			);
			runOnlyForDeploymentPostprocessing = 0;
		};
/* End PBXResourcesBuildPhase section */

/* Begin PBXSourcesBuildPhase section */
		0970AB082988D71D00513CE3 /* Sources */ = {
			isa = PBXSourcesBuildPhase;
			buildActionMask = 2147483647;
			files = (
				09A249BF298D13820033FB27 /* MyBtn.swift in Sources */,
				0915BAAE298D756C002FA9F5 /* DeliveryPage.swift in Sources */,
				09403F87298D51E1002430BC /* seg.swift in Sources */,
				0915BAAC298D6E79002FA9F5 /* deliveryDelegate.swift in Sources */,
				0970AB142988D71D00513CE3 /* ViewController.swift in Sources */,
				0970AB102988D71D00513CE3 /* AppDelegate.swift in Sources */,
				0970AB122988D71D00513CE3 /* SceneDelegate.swift in Sources */,
				09F5AA1E298BEBFF00797C73 /* Scrollview.swift in Sources */,
				0970AB2F2988D8B000513CE3 /* Homepage.swift in Sources */,
				09DAB3B8298D97E500476CEE /* Launch.swift in Sources */,
				09566F8D298B8A4F00DF6683 /* OrderPage.swift in Sources */,
				09F5AA20298BF58400797C73 /* TabBar.swift in Sources */,
			);
			runOnlyForDeploymentPostprocessing = 0;
		};
/* End PBXSourcesBuildPhase section */

/* Begin PBXVariantGroup section */
		0970AB152988D71D00513CE3 /* Main.storyboard */ = {
			isa = PBXVariantGroup;
			children = (
				0970AB162988D71D00513CE3 /* Base */,
			);
			name = Main.storyboard;
			sourceTree = "<group>";
		};
		0970AB1A2988D71E00513CE3 /* LaunchScreen.storyboard */ = {
			isa = PBXVariantGroup;
			children = (
				0970AB1B2988D71E00513CE3 /* Base */,
			);
			name = LaunchScreen.storyboard;
			sourceTree = "<group>";
		};
/* End PBXVariantGroup section */

/* Begin XCBuildConfiguration section */
		0970AB1E2988D71E00513CE3 /* Debug */ = {
			isa = XCBuildConfiguration;
			buildSettings = {
				ALWAYS_SEARCH_USER_PATHS = NO;
				CLANG_ANALYZER_NONNULL = YES;
				CLANG_ANALYZER_NUMBER_OBJECT_CONVERSION = YES_AGGRESSIVE;
				CLANG_CXX_LANGUAGE_STANDARD = "gnu++20";
				CLANG_ENABLE_MODULES = YES;
				CLANG_ENABLE_OBJC_ARC = YES;
				CLANG_ENABLE_OBJC_WEAK = YES;
				CLANG_WARN_BLOCK_CAPTURE_AUTORELEASING = YES;
				CLANG_WARN_BOOL_CONVERSION = YES;
				CLANG_WARN_COMMA = YES;
				CLANG_WARN_CONSTANT_CONVERSION = YES;
				CLANG_WARN_DEPRECATED_OBJC_IMPLEMENTATIONS = YES;
				CLANG_WARN_DIRECT_OBJC_ISA_USAGE = YES_ERROR;
				CLANG_WARN_DOCUMENTATION_COMMENTS = YES;
				CLANG_WARN_EMPTY_BODY = YES;
				CLANG_WARN_ENUM_CONVERSION = YES;
				CLANG_WARN_INFINITE_RECURSION = YES;
				CLANG_WARN_INT_CONVERSION = YES;
				CLANG_WARN_NON_LITERAL_NULL_CONVERSION = YES;
				CLANG_WARN_OBJC_IMPLICIT_RETAIN_SELF = YES;
				CLANG_WARN_OBJC_LITERAL_CONVERSION = YES;
				CLANG_WARN_OBJC_ROOT_CLASS = YES_ERROR;
				CLANG_WARN_QUOTED_INCLUDE_IN_FRAMEWORK_HEADER = YES;
				CLANG_WARN_RANGE_LOOP_ANALYSIS = YES;
				CLANG_WARN_STRICT_PROTOTYPES = YES;
				CLANG_WARN_SUSPICIOUS_MOVE = YES;
				CLANG_WARN_UNGUARDED_AVAILABILITY = YES_AGGRESSIVE;
				CLANG_WARN_UNREACHABLE_CODE = YES;
				CLANG_WARN__DUPLICATE_METHOD_MATCH = YES;
				COPY_PHASE_STRIP = NO;
				DEBUG_INFORMATION_FORMAT = dwarf;
				ENABLE_STRICT_OBJC_MSGSEND = YES;
				ENABLE_TESTABILITY = YES;
				GCC_C_LANGUAGE_STANDARD = gnu11;
				GCC_DYNAMIC_NO_PIC = NO;
				GCC_NO_COMMON_BLOCKS = YES;
				GCC_OPTIMIZATION_LEVEL = 0;
				GCC_PREPROCESSOR_DEFINITIONS = (
					"DEBUG=1",
					"$(inherited)",
				);
				GCC_WARN_64_TO_32_BIT_CONVERSION = YES;
				GCC_WARN_ABOUT_RETURN_TYPE = YES_ERROR;
				GCC_WARN_UNDECLARED_SELECTOR = YES;
				GCC_WARN_UNINITIALIZED_AUTOS = YES_AGGRESSIVE;
				GCC_WARN_UNUSED_FUNCTION = YES;
				GCC_WARN_UNUSED_VARIABLE = YES;
				IPHONEOS_DEPLOYMENT_TARGET = 16.2;
				MTL_ENABLE_DEBUG_INFO = INCLUDE_SOURCE;
				MTL_FAST_MATH = YES;
				ONLY_ACTIVE_ARCH = YES;
				SDKROOT = iphoneos;
				SWIFT_ACTIVE_COMPILATION_CONDITIONS = DEBUG;
				SWIFT_OPTIMIZATION_LEVEL = "-Onone";
			};
			name = Debug;
		};
		0970AB1F2988D71E00513CE3 /* Release */ = {
			isa = XCBuildConfiguration;
			buildSettings = {
				ALWAYS_SEARCH_USER_PATHS = NO;
				CLANG_ANALYZER_NONNULL = YES;
				CLANG_ANALYZER_NUMBER_OBJECT_CONVERSION = YES_AGGRESSIVE;
				CLANG_CXX_LANGUAGE_STANDARD = "gnu++20";
				CLANG_ENABLE_MODULES = YES;
				CLANG_ENABLE_OBJC_ARC = YES;
				CLANG_ENABLE_OBJC_WEAK = YES;
				CLANG_WARN_BLOCK_CAPTURE_AUTORELEASING = YES;
				CLANG_WARN_BOOL_CONVERSION = YES;
				CLANG_WARN_COMMA = YES;
				CLANG_WARN_CONSTANT_CONVERSION = YES;
				CLANG_WARN_DEPRECATED_OBJC_IMPLEMENTATIONS = YES;
				CLANG_WARN_DIRECT_OBJC_ISA_USAGE = YES_ERROR;
				CLANG_WARN_DOCUMENTATION_COMMENTS = YES;
				CLANG_WARN_EMPTY_BODY = YES;
				CLANG_WARN_ENUM_CONVERSION = YES;
				CLANG_WARN_INFINITE_RECURSION = YES;
				CLANG_WARN_INT_CONVERSION = YES;
				CLANG_WARN_NON_LITERAL_NULL_CONVERSION = YES;
				CLANG_WARN_OBJC_IMPLICIT_RETAIN_SELF = YES;
				CLANG_WARN_OBJC_LITERAL_CONVERSION = YES;
				CLANG_WARN_OBJC_ROOT_CLASS = YES_ERROR;
				CLANG_WARN_QUOTED_INCLUDE_IN_FRAMEWORK_HEADER = YES;
				CLANG_WARN_RANGE_LOOP_ANALYSIS = YES;
				CLANG_WARN_STRICT_PROTOTYPES = YES;
				CLANG_WARN_SUSPICIOUS_MOVE = YES;
				CLANG_WARN_UNGUARDED_AVAILABILITY = YES_AGGRESSIVE;
				CLANG_WARN_UNREACHABLE_CODE = YES;
				CLANG_WARN__DUPLICATE_METHOD_MATCH = YES;
				COPY_PHASE_STRIP = NO;
				DEBUG_INFORMATION_FORMAT = "dwarf-with-dsym";
				ENABLE_NS_ASSERTIONS = NO;
				ENABLE_STRICT_OBJC_MSGSEND = YES;
				GCC_C_LANGUAGE_STANDARD = gnu11;
				GCC_NO_COMMON_BLOCKS = YES;
				GCC_WARN_64_TO_32_BIT_CONVERSION = YES;
				GCC_WARN_ABOUT_RETURN_TYPE = YES_ERROR;
				GCC_WARN_UNDECLARED_SELECTOR = YES;
				GCC_WARN_UNINITIALIZED_AUTOS = YES_AGGRESSIVE;
				GCC_WARN_UNUSED_FUNCTION = YES;
				GCC_WARN_UNUSED_VARIABLE = YES;
				IPHONEOS_DEPLOYMENT_TARGET = 16.2;
				MTL_ENABLE_DEBUG_INFO = NO;
				MTL_FAST_MATH = YES;
				SDKROOT = iphoneos;
				SWIFT_COMPILATION_MODE = wholemodule;
				SWIFT_OPTIMIZATION_LEVEL = "-O";
				VALIDATE_PRODUCT = YES;
			};
			name = Release;
		};
		0970AB212988D71E00513CE3 /* Debug */ = {
			isa = XCBuildConfiguration;
			buildSettings = {
				ASSETCATALOG_COMPILER_APPICON_NAME = AppIcon;
				ASSETCATALOG_COMPILER_GLOBAL_ACCENT_COLOR_NAME = AccentColor;
				CODE_SIGN_STYLE = Automatic;
				CURRENT_PROJECT_VERSION = 1;
				DEVELOPMENT_TEAM = JA7UDVTQBU;
				GENERATE_INFOPLIST_FILE = YES;
				INFOPLIST_FILE = CloneStarbucks/Info.plist;
				INFOPLIST_KEY_UIApplicationSupportsIndirectInputEvents = YES;
				INFOPLIST_KEY_UILaunchStoryboardName = LaunchScreen;
				INFOPLIST_KEY_UIMainStoryboardFile = Main;
				INFOPLIST_KEY_UISupportedInterfaceOrientations_iPad = "UIInterfaceOrientationPortrait UIInterfaceOrientationPortraitUpsideDown UIInterfaceOrientationLandscapeLeft UIInterfaceOrientationLandscapeRight";
				INFOPLIST_KEY_UISupportedInterfaceOrientations_iPhone = "UIInterfaceOrientationPortrait UIInterfaceOrientationLandscapeLeft UIInterfaceOrientationLandscapeRight";
				LD_RUNPATH_SEARCH_PATHS = (
					"$(inherited)",
					"@executable_path/Frameworks",
				);
				MARKETING_VERSION = 1.0;
				PRODUCT_BUNDLE_IDENTIFIER = jc.CloneStarbucks;
				PRODUCT_NAME = "$(TARGET_NAME)";
				SWIFT_EMIT_LOC_STRINGS = YES;
				SWIFT_VERSION = 5.0;
				TARGETED_DEVICE_FAMILY = "1,2";
			};
			name = Debug;
		};
		0970AB222988D71E00513CE3 /* Release */ = {
			isa = XCBuildConfiguration;
			buildSettings = {
				ASSETCATALOG_COMPILER_APPICON_NAME = AppIcon;
				ASSETCATALOG_COMPILER_GLOBAL_ACCENT_COLOR_NAME = AccentColor;
				CODE_SIGN_STYLE = Automatic;
				CURRENT_PROJECT_VERSION = 1;
				DEVELOPMENT_TEAM = JA7UDVTQBU;
				GENERATE_INFOPLIST_FILE = YES;
				INFOPLIST_FILE = CloneStarbucks/Info.plist;
				INFOPLIST_KEY_UIApplicationSupportsIndirectInputEvents = YES;
				INFOPLIST_KEY_UILaunchStoryboardName = LaunchScreen;
				INFOPLIST_KEY_UIMainStoryboardFile = Main;
				INFOPLIST_KEY_UISupportedInterfaceOrientations_iPad = "UIInterfaceOrientationPortrait UIInterfaceOrientationPortraitUpsideDown UIInterfaceOrientationLandscapeLeft UIInterfaceOrientationLandscapeRight";
				INFOPLIST_KEY_UISupportedInterfaceOrientations_iPhone = "UIInterfaceOrientationPortrait UIInterfaceOrientationLandscapeLeft UIInterfaceOrientationLandscapeRight";
				LD_RUNPATH_SEARCH_PATHS = (
					"$(inherited)",
					"@executable_path/Frameworks",
				);
				MARKETING_VERSION = 1.0;
				PRODUCT_BUNDLE_IDENTIFIER = jc.CloneStarbucks;
				PRODUCT_NAME = "$(TARGET_NAME)";
				SWIFT_EMIT_LOC_STRINGS = YES;
				SWIFT_VERSION = 5.0;
				TARGETED_DEVICE_FAMILY = "1,2";
			};
			name = Release;
		};
/* End XCBuildConfiguration section */

/* Begin XCConfigurationList section */
		0970AB072988D71C00513CE3 /* Build configuration list for PBXProject "CloneStarbucks" */ = {
			isa = XCConfigurationList;
			buildConfigurations = (
				0970AB1E2988D71E00513CE3 /* Debug */,
				0970AB1F2988D71E00513CE3 /* Release */,
			);
			defaultConfigurationIsVisible = 0;
			defaultConfigurationName = Release;
		};
		0970AB202988D71E00513CE3 /* Build configuration list for PBXNativeTarget "CloneStarbucks" */ = {
			isa = XCConfigurationList;
			buildConfigurations = (
				0970AB212988D71E00513CE3 /* Debug */,
				0970AB222988D71E00513CE3 /* Release */,
			);
			defaultConfigurationIsVisible = 0;
			defaultConfigurationName = Release;
		};
/* End XCConfigurationList section */
	};
	rootObject = 0970AB042988D71C00513CE3 /* Project object */;
}
